
Microsoft Visual Studio Solution File, Format Version 12.00
# Visual Studio Version 17
VisualStudioVersion = 17.10.35027.167
MinimumVisualStudioVersion = 10.0.40219.1
Project("{FAE04EC0-301F-11D3-BF4B-00C04F79EFBC}") = "AzureDevOpsViewer", "AzureDevOpsViewer\AzureDevOpsViewer.csproj", "{DF0CC489-53F7-4051-B9BE-F0693597CB86}"
EndProject
Global
	GlobalSection(SolutionConfigurationPlatforms) = preSolution
		Debug|Any CPU = Debug|Any CPU
		Release|Any CPU = Release|Any CPU
	EndGlobalSection
	GlobalSection(ProjectConfigurationPlatforms) = postSolution
		{DF0CC489-53F7-4051-B9BE-F0693597CB86}.Debug|Any CPU.ActiveCfg = Debug|Any CPU
		{DF0CC489-53F7-4051-B9BE-F0693597CB86}.Debug|Any CPU.Build.0 = Debug|Any CPU
		{DF0CC489-53F7-4051-B9BE-F0693597CB86}.Release|Any CPU.ActiveCfg = Release|Any CPU
		{DF0CC489-53F7-4051-B9BE-F0693597CB86}.Release|Any CPU.Build.0 = Release|Any CPU
	EndGlobalSection
	GlobalSection(SolutionProperties) = preSolution
		HideSolutionNode = FALSE
	EndGlobalSection
	GlobalSection(ExtensibilityGlobals) = postSolution
		SolutionGuid = {C94B8381-86A8-45DD-83FD-9BC17D1974F1}
	EndGlobalSection
EndGlobal
